
Microsoft Visual Studio Solution File, Format Version 12.00
# Visual Studio Version 17
VisualStudioVersion = 17.9.34616.47
MinimumVisualStudioVersion = 10.0.40219.1
Project("{FAE04EC0-301F-11D3-BF4B-00C04F79EFBC}") = "6)cift_yonlu_liste_araya_ekleme_ve_silme", "6)cift_yonlu_liste_araya_ekleme_ve_silme\6)cift_yonlu_liste_araya_ekleme_ve_silme.csproj", "{258D08CD-59C0-48C7-BA00-E4A4F2297FC0}"
EndProject
Global
	GlobalSection(SolutionConfigurationPlatforms) = preSolution
		Debug|Any CPU = Debug|Any CPU
		Release|Any CPU = Release|Any CPU
	EndGlobalSection
	GlobalSection(ProjectConfigurationPlatforms) = postSolution
		{258D08CD-59C0-48C7-BA00-E4A4F2297FC0}.Debug|Any CPU.ActiveCfg = Debug|Any CPU
		{258D08CD-59C0-48C7-BA00-E4A4F2297FC0}.Debug|Any CPU.Build.0 = Debug|Any CPU
		{258D08CD-59C0-48C7-BA00-E4A4F2297FC0}.Release|Any CPU.ActiveCfg = Release|Any CPU
		{258D08CD-59C0-48C7-BA00-E4A4F2297FC0}.Release|Any CPU.Build.0 = Release|Any CPU
	EndGlobalSection
	GlobalSection(SolutionProperties) = preSolution
		HideSolutionNode = FALSE
	EndGlobalSection
	GlobalSection(ExtensibilityGlobals) = postSolution
		SolutionGuid = {2F6251C4-C27A-483A-BE36-25CC82961C6D}
	EndGlobalSection
EndGlobal
